
Microsoft Visual Studio Solution File, Format Version 12.00
# Visual Studio 2012
Project("{2150E333-8FDC-42A3-9474-1A3956D46DE8}") = "Sitio", "Sitio", "{E5A55AFB-25AF-49A9-8449-8055A97C7EA7}"
EndProject
Project("{2150E333-8FDC-42A3-9474-1A3956D46DE8}") = "Administrador del Sitio", "Administrador del Sitio", "{EF8DB6E2-5399-4F76-A31E-C5EE3C06949D}"
EndProject
Project("{FAE04EC0-301F-11D3-BF4B-00C04F79EFBC}") = "CMS.Entities", "CMS.Entities\CMS.Entities.csproj", "{D706690A-C4D4-4CC5-ADE5-DC4B79924D83}"
EndProject
Project("{FAE04EC0-301F-11D3-BF4B-00C04F79EFBC}") = "CMS.BL", "CMS.BL\CMS.BL.csproj", "{03BE7A9E-DC0A-4FD7-B145-7B9024792C64}"
EndProject
Project("{FAE04EC0-301F-11D3-BF4B-00C04F79EFBC}") = "CMS.DL", "CMS.DL\CMS.DL.csproj", "{5C3364CE-BE41-4F79-A706-6ECF0125187F}"
EndProject
Project("{FAE04EC0-301F-11D3-BF4B-00C04F79EFBC}") = "CMSServices", "CMSServices\CMSServices.csproj", "{32E423FF-BC8E-4A8D-965C-F5FAF8D01B93}"
EndProject
Project("{FAE04EC0-301F-11D3-BF4B-00C04F79EFBC}") = "nramirez36.Arcana", "nramirez36.Arcana\nramirez36.Arcana.csproj", "{5CA673FD-8B58-44D0-9A17-E6D1B6E9E93B}"
EndProject
Project("{2150E333-8FDC-42A3-9474-1A3956D46DE8}") = "Sitio Modelo", "Sitio Modelo", "{C44ACE50-8236-4E01-9AC0-4A846BF7CB0A}"
EndProject
Project("{FAE04EC0-301F-11D3-BF4B-00C04F79EFBC}") = "nramirez36.Arcana-v2", "nramirez36.Arcana-v2\nramirez36.Arcana-v2.csproj", "{C82A687C-10CB-4212-A44E-C694A746F6C9}"
EndProject
Project("{FAE04EC0-301F-11D3-BF4B-00C04F79EFBC}") = "CMS", "CMS\CMS.csproj", "{27E4645D-7651-4133-B407-BF73DD27D3F2}"
EndProject
Global
	GlobalSection(SolutionConfigurationPlatforms) = preSolution
		Debug|Any CPU = Debug|Any CPU
		Release|Any CPU = Release|Any CPU
	EndGlobalSection
	GlobalSection(ProjectConfigurationPlatforms) = postSolution
		{D706690A-C4D4-4CC5-ADE5-DC4B79924D83}.Debug|Any CPU.ActiveCfg = Debug|Any CPU
		{D706690A-C4D4-4CC5-ADE5-DC4B79924D83}.Debug|Any CPU.Build.0 = Debug|Any CPU
		{D706690A-C4D4-4CC5-ADE5-DC4B79924D83}.Release|Any CPU.ActiveCfg = Release|Any CPU
		{D706690A-C4D4-4CC5-ADE5-DC4B79924D83}.Release|Any CPU.Build.0 = Release|Any CPU
		{03BE7A9E-DC0A-4FD7-B145-7B9024792C64}.Debug|Any CPU.ActiveCfg = Debug|Any CPU
		{03BE7A9E-DC0A-4FD7-B145-7B9024792C64}.Debug|Any CPU.Build.0 = Debug|Any CPU
		{03BE7A9E-DC0A-4FD7-B145-7B9024792C64}.Release|Any CPU.ActiveCfg = Release|Any CPU
		{03BE7A9E-DC0A-4FD7-B145-7B9024792C64}.Release|Any CPU.Build.0 = Release|Any CPU
		{5C3364CE-BE41-4F79-A706-6ECF0125187F}.Debug|Any CPU.ActiveCfg = Debug|Any CPU
		{5C3364CE-BE41-4F79-A706-6ECF0125187F}.Debug|Any CPU.Build.0 = Debug|Any CPU
		{5C3364CE-BE41-4F79-A706-6ECF0125187F}.Release|Any CPU.ActiveCfg = Release|Any CPU
		{5C3364CE-BE41-4F79-A706-6ECF0125187F}.Release|Any CPU.Build.0 = Release|Any CPU
		{32E423FF-BC8E-4A8D-965C-F5FAF8D01B93}.Debug|Any CPU.ActiveCfg = Debug|Any CPU
		{32E423FF-BC8E-4A8D-965C-F5FAF8D01B93}.Debug|Any CPU.Build.0 = Debug|Any CPU
		{32E423FF-BC8E-4A8D-965C-F5FAF8D01B93}.Release|Any CPU.ActiveCfg = Release|Any CPU
		{32E423FF-BC8E-4A8D-965C-F5FAF8D01B93}.Release|Any CPU.Build.0 = Release|Any CPU
		{5CA673FD-8B58-44D0-9A17-E6D1B6E9E93B}.Debug|Any CPU.ActiveCfg = Debug|Any CPU
		{5CA673FD-8B58-44D0-9A17-E6D1B6E9E93B}.Debug|Any CPU.Build.0 = Debug|Any CPU
		{5CA673FD-8B58-44D0-9A17-E6D1B6E9E93B}.Release|Any CPU.ActiveCfg = Release|Any CPU
		{5CA673FD-8B58-44D0-9A17-E6D1B6E9E93B}.Release|Any CPU.Build.0 = Release|Any CPU
		{C82A687C-10CB-4212-A44E-C694A746F6C9}.Debug|Any CPU.ActiveCfg = Debug|Any CPU
		{C82A687C-10CB-4212-A44E-C694A746F6C9}.Debug|Any CPU.Build.0 = Debug|Any CPU
		{C82A687C-10CB-4212-A44E-C694A746F6C9}.Release|Any CPU.ActiveCfg = Release|Any CPU
		{C82A687C-10CB-4212-A44E-C694A746F6C9}.Release|Any CPU.Build.0 = Release|Any CPU
		{27E4645D-7651-4133-B407-BF73DD27D3F2}.Debug|Any CPU.ActiveCfg = Debug|Any CPU
		{27E4645D-7651-4133-B407-BF73DD27D3F2}.Debug|Any CPU.Build.0 = Debug|Any CPU
		{27E4645D-7651-4133-B407-BF73DD27D3F2}.Release|Any CPU.ActiveCfg = Release|Any CPU
		{27E4645D-7651-4133-B407-BF73DD27D3F2}.Release|Any CPU.Build.0 = Release|Any CPU
	EndGlobalSection
	GlobalSection(SolutionProperties) = preSolution
		HideSolutionNode = FALSE
	EndGlobalSection
	GlobalSection(NestedProjects) = preSolution
		{27E4645D-7651-4133-B407-BF73DD27D3F2} = {E5A55AFB-25AF-49A9-8449-8055A97C7EA7}
		{D706690A-C4D4-4CC5-ADE5-DC4B79924D83} = {EF8DB6E2-5399-4F76-A31E-C5EE3C06949D}
		{03BE7A9E-DC0A-4FD7-B145-7B9024792C64} = {EF8DB6E2-5399-4F76-A31E-C5EE3C06949D}
		{5C3364CE-BE41-4F79-A706-6ECF0125187F} = {EF8DB6E2-5399-4F76-A31E-C5EE3C06949D}
		{32E423FF-BC8E-4A8D-965C-F5FAF8D01B93} = {EF8DB6E2-5399-4F76-A31E-C5EE3C06949D}
		{5CA673FD-8B58-44D0-9A17-E6D1B6E9E93B} = {C44ACE50-8236-4E01-9AC0-4A846BF7CB0A}
		{C82A687C-10CB-4212-A44E-C694A746F6C9} = {C44ACE50-8236-4E01-9AC0-4A846BF7CB0A}
	EndGlobalSection
EndGlobal
